
Microsoft Visual Studio Solution File, Format Version 12.00
# Visual Studio 2015
Project("{FAE04EC0-301F-11D3-BF4B-00C04F79EFBC}") = "AR_PLBN", "AR_PLBN.csproj", "{E9AF2D16-3071-1F27-65AF-89AF5375D1CA}"
EndProject
Project("{FAE04EC0-301F-11D3-BF4B-00C04F79EFBC}") = "AR_PLBN.Editor", "AR_PLBN.Editor.csproj", "{52EBFCB5-9DAD-A36A-234D-5304AE184AA4}"
EndProject
Global
	GlobalSection(SolutionConfigurationPlatforms) = preSolution
		Debug|Any CPU = Debug|Any CPU
		Release|Any CPU = Release|Any CPU
	EndGlobalSection
	GlobalSection(ProjectConfigurationPlatforms) = postSolution
		{E9AF2D16-3071-1F27-65AF-89AF5375D1CA}.Debug|Any CPU.ActiveCfg = Debug|Any CPU
		{E9AF2D16-3071-1F27-65AF-89AF5375D1CA}.Debug|Any CPU.Build.0 = Debug|Any CPU
		{E9AF2D16-3071-1F27-65AF-89AF5375D1CA}.Release|Any CPU.ActiveCfg = Release|Any CPU
		{E9AF2D16-3071-1F27-65AF-89AF5375D1CA}.Release|Any CPU.Build.0 = Release|Any CPU
		{52EBFCB5-9DAD-A36A-234D-5304AE184AA4}.Debug|Any CPU.ActiveCfg = Debug|Any CPU
		{52EBFCB5-9DAD-A36A-234D-5304AE184AA4}.Debug|Any CPU.Build.0 = Debug|Any CPU
		{52EBFCB5-9DAD-A36A-234D-5304AE184AA4}.Release|Any CPU.ActiveCfg = Release|Any CPU
		{52EBFCB5-9DAD-A36A-234D-5304AE184AA4}.Release|Any CPU.Build.0 = Release|Any CPU
	EndGlobalSection
	GlobalSection(SolutionProperties) = preSolution
		HideSolutionNode = FALSE
	EndGlobalSection
EndGlobal
